{
    "_readme": [
        "This file locks the dependencies of your project to a known state",
        "Read more about it at https://getcomposer.org/doc/01-basic-usage.md#composer-lock-the-lock-file",
        "This file is @generated automatically"
    ],
    "hash": "2a139fc66e94b314055b4b2bdffbfe41",
    "content-hash": "9a1c57424fa0e02264e98281b0408250",
    "packages": [
        {
            "name": "oodle/krumo",
            "version": "v0.5.0",
            "source": {
                "type": "git",
                "url": "https://github.com/oodle/krumo.git",
                "reference": "48239769290e267fd7d6ddd1c37e08f96b87221e"
            },
            "dist": {
                "type": "zip",
                "url": "https://api.github.com/repos/oodle/krumo/zipball/48239769290e267fd7d6ddd1c37e08f96b87221e",
                "reference": "48239769290e267fd7d6ddd1c37e08f96b87221e",
                "shasum": ""
            },
            "require": {
                "php": ">=5.2.17"
            },
            "type": "library",
            "autoload": {
                "files": [
                    "class.krumo.php"
                ]
            },
            "notification-url": "https://packagist.org/downloads/",
            "license": [
                "LGPL"
            ],
            "authors": [
                {
                    "name": "Kaloyan K. Tsvetkov",
                    "email": "kaloyan@kaloyan.info"
                },
                {
                    "name": "Matthew J. Mucklo",
                    "email": "mmucklo@corp.oodle.com"
                },
                {
                    "name": "Stefan Thomas",
                    "email": "moon@justmoon.de"
                }
            ],
            "description": "KRUMO - version 2.0 of print_r(); and var_dump(); (with new updates)",
            "keywords": [
                "debug",
                "debugging",
                "krumo",
                "pretty",
                "print",
                "print_r",
                "var_dump"
            ],
            "abandoned": "mmucklo/krumo",
            "time": "2014-02-26 21:10:16"
        },
        {
            "name": "raveren/kint",
            "version": "1.0.10",
            "source": {
                "type": "git",
                "url": "https://github.com/raveren/kint.git",
                "reference": "c8423b9928bd35bf6ad14c688ab9c6d17d97d0eb"
            },
            "dist": {
                "type": "zip",
                "url": "https://api.github.com/repos/raveren/kint/zipball/c8423b9928bd35bf6ad14c688ab9c6d17d97d0eb",
                "reference": "c8423b9928bd35bf6ad14c688ab9c6d17d97d0eb",
                "shasum": ""
            },
            "require": {
                "php": ">=5.1.0"
            },
            "type": "library",
            "extra": {
                "branch-alias": {
                    "dev-master": "1.0.x-dev"
                }
            },
            "autoload": {
                "files": [
                    "Kint.class.php"
                ]
            },
            "notification-url": "https://packagist.org/downloads/",
            "license": [
                "MIT"
            ],
            "authors": [
                {
                    "name": "Rokas Šleinius",
                    "homepage": "https://github.com/raveren"
                },
                {
                    "name": "Contributors",
                    "homepage": "https://github.com/raveren/kint/contributors"
                }
            ],
            "description": "Kint - debugging helper for PHP developers",
            "homepage": "https://github.com/raveren/kint",
            "keywords": [
                "debug",
                "kint",
                "php"
            ],
            "time": "2015-09-16 14:09:00"
        }
    ],
    "packages-dev": [],
    "aliases": [],
    "minimum-stability": "stable",
    "stability-flags": [],
    "prefer-stable": false,
    "prefer-lowest": false,
    "platform": [],
    "platform-dev": []
}
